
Microsoft Visual Studio Solution File, Format Version 12.00
# Visual Studio Version 16
VisualStudioVersion = 16.0.29230.47
MinimumVisualStudioVersion = 10.0.40219.1
Project("{9A19103F-16F7-4668-BE54-9A1E7A4F7556}") = "BankAccounts", "BankAccounts\BankAccounts.csproj", "{5A38BB51-86F8-451C-9C9F-7076C47DBA22}"
EndProject
Project("{9A19103F-16F7-4668-BE54-9A1E7A4F7556}") = "BankAccounts.Core", "BankAccounts.Core\BankAccounts.Core.csproj", "{E3919945-D039-49AA-BC88-FE1ECDDF1D8E}"
EndProject
Project("{FAE04EC0-301F-11D3-BF4B-00C04F79EFBC}") = "IsPalindromeTests", "IsPalindromeTests\IsPalindromeTests.csproj", "{ABBDBB00-CC73-48BD-A247-B8394D38D339}"
EndProject
Global
	GlobalSection(SolutionConfigurationPlatforms) = preSolution
		Debug|Any CPU = Debug|Any CPU
		Release|Any CPU = Release|Any CPU
	EndGlobalSection
	GlobalSection(ProjectConfigurationPlatforms) = postSolution
		{5A38BB51-86F8-451C-9C9F-7076C47DBA22}.Debug|Any CPU.ActiveCfg = Debug|Any CPU
		{5A38BB51-86F8-451C-9C9F-7076C47DBA22}.Debug|Any CPU.Build.0 = Debug|Any CPU
		{5A38BB51-86F8-451C-9C9F-7076C47DBA22}.Release|Any CPU.ActiveCfg = Release|Any CPU
		{5A38BB51-86F8-451C-9C9F-7076C47DBA22}.Release|Any CPU.Build.0 = Release|Any CPU
		{E3919945-D039-49AA-BC88-FE1ECDDF1D8E}.Debug|Any CPU.ActiveCfg = Debug|Any CPU
		{E3919945-D039-49AA-BC88-FE1ECDDF1D8E}.Debug|Any CPU.Build.0 = Debug|Any CPU
		{E3919945-D039-49AA-BC88-FE1ECDDF1D8E}.Release|Any CPU.ActiveCfg = Release|Any CPU
		{E3919945-D039-49AA-BC88-FE1ECDDF1D8E}.Release|Any CPU.Build.0 = Release|Any CPU
		{ABBDBB00-CC73-48BD-A247-B8394D38D339}.Debug|Any CPU.ActiveCfg = Debug|Any CPU
		{ABBDBB00-CC73-48BD-A247-B8394D38D339}.Debug|Any CPU.Build.0 = Debug|Any CPU
		{ABBDBB00-CC73-48BD-A247-B8394D38D339}.Release|Any CPU.ActiveCfg = Release|Any CPU
		{ABBDBB00-CC73-48BD-A247-B8394D38D339}.Release|Any CPU.Build.0 = Release|Any CPU
	EndGlobalSection
	GlobalSection(SolutionProperties) = preSolution
		HideSolutionNode = FALSE
	EndGlobalSection
	GlobalSection(ExtensibilityGlobals) = postSolution
		SolutionGuid = {DE42FA17-2AFA-48F9-B8B9-BE7F6873713D}
	EndGlobalSection
EndGlobal
