
Microsoft Visual Studio Solution File, Format Version 12.00
# Visual Studio Version 16
VisualStudioVersion = 16.0.29920.165
MinimumVisualStudioVersion = 10.0.40219.1
Project("{FAE04EC0-301F-11D3-BF4B-00C04F79EFBC}") = "MaxinoiuMihaiRobertoE2", "MaxinoiuMihaiRobertoE2.csproj", "{9904C799-5CCA-4A57-9418-AC644462A59F}"
EndProject
Project("{FAE04EC0-301F-11D3-BF4B-00C04F79EFBC}") = "IsPalindrome", "..\IsPalindrome\IsPalindrome.csproj", "{9094FAFD-E60A-4731-8F7F-B30DD4359020}"
EndProject
Project("{FAE04EC0-301F-11D3-BF4B-00C04F79EFBC}") = "Employee", "..\Employee\Employee.csproj", "{56FAEF09-7054-4682-ADFB-0ED3128052D8}"
EndProject
Project("{FAE04EC0-301F-11D3-BF4B-00C04F79EFBC}") = "MyClassLIbrary", "..\MyClassLIbrary\MyClassLIbrary.csproj", "{D5F1BA2B-F135-4A89-82C7-4FB98562FAF8}"
EndProject
Project("{FAE04EC0-301F-11D3-BF4B-00C04F79EFBC}") = "PalindromeTest", "..\PalindromeTest\PalindromeTest.csproj", "{FF22EC31-EA8D-49BF-9EF6-AE44A9F0AF6B}"
EndProject
Global
	GlobalSection(SolutionConfigurationPlatforms) = preSolution
		Debug|Any CPU = Debug|Any CPU
		Release|Any CPU = Release|Any CPU
	EndGlobalSection
	GlobalSection(ProjectConfigurationPlatforms) = postSolution
		{9904C799-5CCA-4A57-9418-AC644462A59F}.Debug|Any CPU.ActiveCfg = Debug|Any CPU
		{9904C799-5CCA-4A57-9418-AC644462A59F}.Debug|Any CPU.Build.0 = Debug|Any CPU
		{9904C799-5CCA-4A57-9418-AC644462A59F}.Release|Any CPU.ActiveCfg = Release|Any CPU
		{9904C799-5CCA-4A57-9418-AC644462A59F}.Release|Any CPU.Build.0 = Release|Any CPU
		{9094FAFD-E60A-4731-8F7F-B30DD4359020}.Debug|Any CPU.ActiveCfg = Debug|Any CPU
		{9094FAFD-E60A-4731-8F7F-B30DD4359020}.Debug|Any CPU.Build.0 = Debug|Any CPU
		{9094FAFD-E60A-4731-8F7F-B30DD4359020}.Release|Any CPU.ActiveCfg = Release|Any CPU
		{9094FAFD-E60A-4731-8F7F-B30DD4359020}.Release|Any CPU.Build.0 = Release|Any CPU
		{56FAEF09-7054-4682-ADFB-0ED3128052D8}.Debug|Any CPU.ActiveCfg = Debug|Any CPU
		{56FAEF09-7054-4682-ADFB-0ED3128052D8}.Debug|Any CPU.Build.0 = Debug|Any CPU
		{56FAEF09-7054-4682-ADFB-0ED3128052D8}.Release|Any CPU.ActiveCfg = Release|Any CPU
		{56FAEF09-7054-4682-ADFB-0ED3128052D8}.Release|Any CPU.Build.0 = Release|Any CPU
		{D5F1BA2B-F135-4A89-82C7-4FB98562FAF8}.Debug|Any CPU.ActiveCfg = Debug|Any CPU
		{D5F1BA2B-F135-4A89-82C7-4FB98562FAF8}.Debug|Any CPU.Build.0 = Debug|Any CPU
		{D5F1BA2B-F135-4A89-82C7-4FB98562FAF8}.Release|Any CPU.ActiveCfg = Release|Any CPU
		{D5F1BA2B-F135-4A89-82C7-4FB98562FAF8}.Release|Any CPU.Build.0 = Release|Any CPU
		{FF22EC31-EA8D-49BF-9EF6-AE44A9F0AF6B}.Debug|Any CPU.ActiveCfg = Debug|Any CPU
		{FF22EC31-EA8D-49BF-9EF6-AE44A9F0AF6B}.Debug|Any CPU.Build.0 = Debug|Any CPU
		{FF22EC31-EA8D-49BF-9EF6-AE44A9F0AF6B}.Release|Any CPU.ActiveCfg = Release|Any CPU
		{FF22EC31-EA8D-49BF-9EF6-AE44A9F0AF6B}.Release|Any CPU.Build.0 = Release|Any CPU
	EndGlobalSection
	GlobalSection(SolutionProperties) = preSolution
		HideSolutionNode = FALSE
	EndGlobalSection
	GlobalSection(ExtensibilityGlobals) = postSolution
		SolutionGuid = {E4024CA2-554B-48D7-AD13-E82517F4ECCA}
	EndGlobalSection
EndGlobal
