
Microsoft Visual Studio Solution File, Format Version 12.00
# Visual Studio Version 16
VisualStudioVersion = 16.0.30002.166
MinimumVisualStudioVersion = 10.0.40219.1
Project("{9A19103F-16F7-4668-BE54-9A1E7A4F7556}") = "TAP2020E02", "TAP2020E02\TAP2020E02.csproj", "{C82D1167-CC7C-42F0-A0D7-E145EACDFAA5}"
EndProject
Project("{9A19103F-16F7-4668-BE54-9A1E7A4F7556}") = "TAP2020E02.Core", "TAP2020E02.Core\TAP2020E02.Core.csproj", "{8BEB211B-2E56-4ABF-8C38-F87B3E8B47D7}"
EndProject
Project("{FAE04EC0-301F-11D3-BF4B-00C04F79EFBC}") = "TAP2020E02.Test", "TAP2020E02.Test\TAP2020E02.Test.csproj", "{3CFC6797-C64F-4C31-8951-6CBFB0320332}"
EndProject
Global
	GlobalSection(SolutionConfigurationPlatforms) = preSolution
		Debug|Any CPU = Debug|Any CPU
		Release|Any CPU = Release|Any CPU
	EndGlobalSection
	GlobalSection(ProjectConfigurationPlatforms) = postSolution
		{C82D1167-CC7C-42F0-A0D7-E145EACDFAA5}.Debug|Any CPU.ActiveCfg = Debug|Any CPU
		{C82D1167-CC7C-42F0-A0D7-E145EACDFAA5}.Debug|Any CPU.Build.0 = Debug|Any CPU
		{C82D1167-CC7C-42F0-A0D7-E145EACDFAA5}.Release|Any CPU.ActiveCfg = Release|Any CPU
		{C82D1167-CC7C-42F0-A0D7-E145EACDFAA5}.Release|Any CPU.Build.0 = Release|Any CPU
		{8BEB211B-2E56-4ABF-8C38-F87B3E8B47D7}.Debug|Any CPU.ActiveCfg = Debug|Any CPU
		{8BEB211B-2E56-4ABF-8C38-F87B3E8B47D7}.Debug|Any CPU.Build.0 = Debug|Any CPU
		{8BEB211B-2E56-4ABF-8C38-F87B3E8B47D7}.Release|Any CPU.ActiveCfg = Release|Any CPU
		{8BEB211B-2E56-4ABF-8C38-F87B3E8B47D7}.Release|Any CPU.Build.0 = Release|Any CPU
		{3CFC6797-C64F-4C31-8951-6CBFB0320332}.Debug|Any CPU.ActiveCfg = Debug|Any CPU
		{3CFC6797-C64F-4C31-8951-6CBFB0320332}.Debug|Any CPU.Build.0 = Debug|Any CPU
		{3CFC6797-C64F-4C31-8951-6CBFB0320332}.Release|Any CPU.ActiveCfg = Release|Any CPU
		{3CFC6797-C64F-4C31-8951-6CBFB0320332}.Release|Any CPU.Build.0 = Release|Any CPU
	EndGlobalSection
	GlobalSection(SolutionProperties) = preSolution
		HideSolutionNode = FALSE
	EndGlobalSection
	GlobalSection(ExtensibilityGlobals) = postSolution
		SolutionGuid = {389E690E-559D-449D-8DF7-F9D02BC398E3}
	EndGlobalSection
EndGlobal
